
Microsoft Visual Studio Solution File, Format Version 12.00
# Visual Studio 15
VisualStudioVersion = 15.0.28010.2046
MinimumVisualStudioVersion = 10.0.40219.1
Project("{FAE04EC0-301F-11D3-BF4B-00C04F79EFBC}") = "final_3_hopefullylast03", "final_3_hopefullylast03\final_3_hopefullylast03.csproj", "{42D5A3C9-8110-4E22-93C9-1032228E105B}"
EndProject
Global
	GlobalSection(SolutionConfigurationPlatforms) = preSolution
		Debug|Any CPU = Debug|Any CPU
		Release|Any CPU = Release|Any CPU
	EndGlobalSection
	GlobalSection(ProjectConfigurationPlatforms) = postSolution
		{42D5A3C9-8110-4E22-93C9-1032228E105B}.Debug|Any CPU.ActiveCfg = Debug|Any CPU
		{42D5A3C9-8110-4E22-93C9-1032228E105B}.Debug|Any CPU.Build.0 = Debug|Any CPU
		{42D5A3C9-8110-4E22-93C9-1032228E105B}.Release|Any CPU.ActiveCfg = Release|Any CPU
		{42D5A3C9-8110-4E22-93C9-1032228E105B}.Release|Any CPU.Build.0 = Release|Any CPU
	EndGlobalSection
	GlobalSection(SolutionProperties) = preSolution
		HideSolutionNode = FALSE
	EndGlobalSection
	GlobalSection(ExtensibilityGlobals) = postSolution
		SolutionGuid = {685AD609-39F3-4158-B8B3-6EAB987EEF87}
	EndGlobalSection
EndGlobal
